
Microsoft Visual Studio Solution File, Format Version 12.00
# Visual Studio Version 17
VisualStudioVersion = 17.8.34316.72
MinimumVisualStudioVersion = 10.0.40219.1
Project("{FAE04EC0-301F-11D3-BF4B-00C04F79EFBC}") = "DayOneTrebuchet", "DayOneTrebuchet\DayOneTrebuchet.csproj", "{12C22B56-D8EC-492E-AFBB-5DB37735F8B1}"
EndProject
Global
	GlobalSection(SolutionConfigurationPlatforms) = preSolution
		Debug|Any CPU = Debug|Any CPU
		Release|Any CPU = Release|Any CPU
	EndGlobalSection
	GlobalSection(ProjectConfigurationPlatforms) = postSolution
		{12C22B56-D8EC-492E-AFBB-5DB37735F8B1}.Debug|Any CPU.ActiveCfg = Debug|Any CPU
		{12C22B56-D8EC-492E-AFBB-5DB37735F8B1}.Debug|Any CPU.Build.0 = Debug|Any CPU
		{12C22B56-D8EC-492E-AFBB-5DB37735F8B1}.Release|Any CPU.ActiveCfg = Release|Any CPU
		{12C22B56-D8EC-492E-AFBB-5DB37735F8B1}.Release|Any CPU.Build.0 = Release|Any CPU
	EndGlobalSection
	GlobalSection(SolutionProperties) = preSolution
		HideSolutionNode = FALSE
	EndGlobalSection
	GlobalSection(ExtensibilityGlobals) = postSolution
		SolutionGuid = {6CC545E6-AC90-4774-8EDE-BD8FB0144D9E}
	EndGlobalSection
EndGlobal
